
Microsoft Visual Studio Solution File, Format Version 12.00
# Visual Studio Version 17
VisualStudioVersion = 17.6.33324.259
MinimumVisualStudioVersion = 10.0.40219.1
Project("{9A19103F-16F7-4668-BE54-9A1E7A4F7556}") = "Mathdoku", "Mathdoku.csproj", "{5391C964-98AE-4344-BD0A-CCEE1715E8DE}"
EndProject
Global
	GlobalSection(SolutionConfigurationPlatforms) = preSolution
		Debug|Any CPU = Debug|Any CPU
		Release|Any CPU = Release|Any CPU
	EndGlobalSection
	GlobalSection(ProjectConfigurationPlatforms) = postSolution
		{5391C964-98AE-4344-BD0A-CCEE1715E8DE}.Debug|Any CPU.ActiveCfg = Debug|Any CPU
		{5391C964-98AE-4344-BD0A-CCEE1715E8DE}.Debug|Any CPU.Build.0 = Debug|Any CPU
		{5391C964-98AE-4344-BD0A-CCEE1715E8DE}.Release|Any CPU.ActiveCfg = Release|Any CPU
		{5391C964-98AE-4344-BD0A-CCEE1715E8DE}.Release|Any CPU.Build.0 = Release|Any CPU
	EndGlobalSection
	GlobalSection(SolutionProperties) = preSolution
		HideSolutionNode = FALSE
	EndGlobalSection
	GlobalSection(ExtensibilityGlobals) = postSolution
		SolutionGuid = {ACA5390E-5AAC-491C-B1C0-419FFB3F68C7}
	EndGlobalSection
EndGlobal
